{
  "name": "lute-cel-equivalence",
  "lockfileVersion": 3,
  "requires": true,
  "packages": {
    "": {
      "name": "lute-cel-equivalence",
      "dependencies": {
        "@bufbuild/cel": "0.6.1"
      },
      "engines": {
        "node": ">=24 <25"
      }
    },
    "node_modules/@bufbuild/cel": {
      "version": "0.6.1",
      "resolved": "https://registry.npmjs.org/@bufbuild/cel/-/cel-0.6.1.tgz",
      "integrity": "sha512-tW7cvf5byb4zrVKsdkVk/UhD3dH6Q0hnfmeRyKaAGXx0pwebk7NjUgdR2GSwf74GXxkC7StMfgRLA2Ea/+zPKw==",
      "license": "Apache-2.0",
      "dependencies": {
        "@bufbuild/cel-spec": "0.6.1",
        "@bufbuild/re2": "0.6.1"
      },
      "peerDependencies": {
        "@bufbuild/protobuf": "^2.6.2"
      }
    },
    "node_modules/@bufbuild/cel-spec": {
      "version": "0.6.1",
      "resolved": "https://registry.npmjs.org/@bufbuild/cel-spec/-/cel-spec-0.6.1.tgz",
      "integrity": "sha512-m0Ac9qA669yxxC0Hy45qGsUZemjImVfxPl6r9jLbkJviEvv3R9hSYyH2ItGRbDguekX6eId0cb62ulNBK97ezg==",
      "license": "Apache-2.0",
      "peerDependencies": {
        "@bufbuild/protobuf": "^2.6.2"
      }
    },
    "node_modules/@bufbuild/protobuf": {
      "version": "2.16.0",
      "resolved": "https://registry.npmjs.org/@bufbuild/protobuf/-/protobuf-2.16.0.tgz",
      "integrity": "sha512-FWa0sPlqYGJgpTs6OxBRcL/AW4JT0OIO+W1ajerluoTVh8CV0B7XM1qsNCRgnkSCkRCgOICKHRQlY17jrsm0+Q==",
      "license": "(Apache-2.0 AND BSD-3-Clause)",
      "peer": true
    },
    "node_modules/@bufbuild/re2": {
      "version": "0.6.1",
      "resolved": "https://registry.npmjs.org/@bufbuild/re2/-/re2-0.6.1.tgz",
      "integrity": "sha512-VY7zV7bWKdAsf46epowVKidolEfMKw/FoHo2xYVDVzLj/hiP5qDL3nXqJt6seZClRYfG+uzAPFQBZBlj07wO5A==",
      "license": "MIT"
    }
  }
}
